// !$*UTF8*$!
{
	archiveVersion = 1;
	classes = {
	};
	objectVersion = 56;
	objects = {

/* Begin PBXBuildFile section */
		7842D7B02ADC75170029A359 /* FlexStack.swift in Sources */ = {isa = PBXBuildFile; fileRef = 7842D7AF2ADC75170029A359 /* FlexStack.swift */; };
		7842D7B22ADC7E270029A359 /* Place.swift in Sources */ = {isa = PBXBuildFile; fileRef = 7842D7B12ADC7E270029A359 /* Place.swift */; };
		7842D7B42ADC7F000029A359 /* PlaceCard.swift in Sources */ = {isa = PBXBuildFile; fileRef = 7842D7B32ADC7F000029A359 /* PlaceCard.swift */; };
		785207E32AD873A200F1DE3C /* Category.swift in Sources */ = {isa = PBXBuildFile; fileRef = 785207E22AD873A200F1DE3C /* Category.swift */; };
		785207E52AD873D700F1DE3C /* Challenge.swift in Sources */ = {isa = PBXBuildFile; fileRef = 785207E42AD873D700F1DE3C /* Challenge.swift */; };
		785207E72AD8741B00F1DE3C /* Progress.swift in Sources */ = {isa = PBXBuildFile; fileRef = 785207E62AD8741B00F1DE3C /* Progress.swift */; };
		785207E92AD8745100F1DE3C /* HomeView.swift in Sources */ = {isa = PBXBuildFile; fileRef = 785207E82AD8745100F1DE3C /* HomeView.swift */; };
		785207EB2AD8768E00F1DE3C /* NoChallengeView.swift in Sources */ = {isa = PBXBuildFile; fileRef = 785207EA2AD8768E00F1DE3C /* NoChallengeView.swift */; };
		785207ED2AD8769800F1DE3C /* ChallengeView.swift in Sources */ = {isa = PBXBuildFile; fileRef = 785207EC2AD8769800F1DE3C /* ChallengeView.swift */; };
		785207EF2AD876B700F1DE3C /* OnBoardingView.swift in Sources */ = {isa = PBXBuildFile; fileRef = 785207EE2AD876B700F1DE3C /* OnBoardingView.swift */; };
		785207F12AD876C500F1DE3C /* SavedView.swift in Sources */ = {isa = PBXBuildFile; fileRef = 785207F02AD876C500F1DE3C /* SavedView.swift */; };
		785207FC2AD8DB9A00F1DE3C /* HomeViewModel.swift in Sources */ = {isa = PBXBuildFile; fileRef = 785207FB2AD8DB9A00F1DE3C /* HomeViewModel.swift */; };
		785207FE2AD8DE1900F1DE3C /* ChallengeViewModel.swift in Sources */ = {isa = PBXBuildFile; fileRef = 785207FD2AD8DE1900F1DE3C /* ChallengeViewModel.swift */; };
		785208012AD8DFC000F1DE3C /* ChallengeCard.swift in Sources */ = {isa = PBXBuildFile; fileRef = 785208002AD8DFC000F1DE3C /* ChallengeCard.swift */; };
		785208032AD8E1B600F1DE3C /* ChallengeDataModel.swift in Sources */ = {isa = PBXBuildFile; fileRef = 785208022AD8E1B600F1DE3C /* ChallengeDataModel.swift */; };
		785208052AD8E1C300F1DE3C /* CategoryDataModel.swift in Sources */ = {isa = PBXBuildFile; fileRef = 785208042AD8E1C300F1DE3C /* CategoryDataModel.swift */; };
		786CECFE2AD9D8E60069ACF0 /* SavedViewModel.swift in Sources */ = {isa = PBXBuildFile; fileRef = 786CECFD2AD9D8E60069ACF0 /* SavedViewModel.swift */; };
		786CED002AD9DBB50069ACF0 /* SavedCard.swift in Sources */ = {isa = PBXBuildFile; fileRef = 786CECFF2AD9DBB50069ACF0 /* SavedCard.swift */; };
		786CED022AD9E4EC0069ACF0 /* HomeButton.swift in Sources */ = {isa = PBXBuildFile; fileRef = 786CED012AD9E4EC0069ACF0 /* HomeButton.swift */; };
		786CED042AD9EBA40069ACF0 /* CategoryButton.swift in Sources */ = {isa = PBXBuildFile; fileRef = 786CED032AD9EBA40069ACF0 /* CategoryButton.swift */; };
		78D91BCD2AD87306007B88C4 /* DesafikaApp.swift in Sources */ = {isa = PBXBuildFile; fileRef = 78D91BCC2AD87306007B88C4 /* DesafikaApp.swift */; };
		78D91BCF2AD87306007B88C4 /* ContentView.swift in Sources */ = {isa = PBXBuildFile; fileRef = 78D91BCE2AD87306007B88C4 /* ContentView.swift */; };
		78D91BD12AD87308007B88C4 /* Assets.xcassets in Resources */ = {isa = PBXBuildFile; fileRef = 78D91BD02AD87308007B88C4 /* Assets.xcassets */; };
		78D91BD42AD87308007B88C4 /* Preview Assets.xcassets in Resources */ = {isa = PBXBuildFile; fileRef = 78D91BD32AD87308007B88C4 /* Preview Assets.xcassets */; };
/* End PBXBuildFile section */

/* Begin PBXFileReference section */
		7842D7AF2ADC75170029A359 /* FlexStack.swift */ = {isa = PBXFileReference; lastKnownFileType = sourcecode.swift; path = FlexStack.swift; sourceTree = "<group>"; };
		7842D7B12ADC7E270029A359 /* Place.swift */ = {isa = PBXFileReference; lastKnownFileType = sourcecode.swift; path = Place.swift; sourceTree = "<group>"; };
		7842D7B32ADC7F000029A359 /* PlaceCard.swift */ = {isa = PBXFileReference; lastKnownFileType = sourcecode.swift; path = PlaceCard.swift; sourceTree = "<group>"; };
		785207E22AD873A200F1DE3C /* Category.swift */ = {isa = PBXFileReference; lastKnownFileType = sourcecode.swift; path = Category.swift; sourceTree = "<group>"; };
		785207E42AD873D700F1DE3C /* Challenge.swift */ = {isa = PBXFileReference; lastKnownFileType = sourcecode.swift; path = Challenge.swift; sourceTree = "<group>"; };
		785207E62AD8741B00F1DE3C /* Progress.swift */ = {isa = PBXFileReference; lastKnownFileType = sourcecode.swift; path = Progress.swift; sourceTree = "<group>"; };
		785207E82AD8745100F1DE3C /* HomeView.swift */ = {isa = PBXFileReference; lastKnownFileType = sourcecode.swift; path = HomeView.swift; sourceTree = "<group>"; };
		785207EA2AD8768E00F1DE3C /* NoChallengeView.swift */ = {isa = PBXFileReference; lastKnownFileType = sourcecode.swift; path = NoChallengeView.swift; sourceTree = "<group>"; };
		785207EC2AD8769800F1DE3C /* ChallengeView.swift */ = {isa = PBXFileReference; lastKnownFileType = sourcecode.swift; path = ChallengeView.swift; sourceTree = "<group>"; };
		785207EE2AD876B700F1DE3C /* OnBoardingView.swift */ = {isa = PBXFileReference; lastKnownFileType = sourcecode.swift; path = OnBoardingView.swift; sourceTree = "<group>"; };
		785207F02AD876C500F1DE3C /* SavedView.swift */ = {isa = PBXFileReference; lastKnownFileType = sourcecode.swift; path = SavedView.swift; sourceTree = "<group>"; };
		785207FB2AD8DB9A00F1DE3C /* HomeViewModel.swift */ = {isa = PBXFileReference; lastKnownFileType = sourcecode.swift; path = HomeViewModel.swift; sourceTree = "<group>"; };
		785207FD2AD8DE1900F1DE3C /* ChallengeViewModel.swift */ = {isa = PBXFileReference; lastKnownFileType = sourcecode.swift; path = ChallengeViewModel.swift; sourceTree = "<group>"; };
		785208002AD8DFC000F1DE3C /* ChallengeCard.swift */ = {isa = PBXFileReference; lastKnownFileType = sourcecode.swift; path = ChallengeCard.swift; sourceTree = "<group>"; };
		785208022AD8E1B600F1DE3C /* ChallengeDataModel.swift */ = {isa = PBXFileReference; lastKnownFileType = sourcecode.swift; path = ChallengeDataModel.swift; sourceTree = "<group>"; };
		785208042AD8E1C300F1DE3C /* CategoryDataModel.swift */ = {isa = PBXFileReference; lastKnownFileType = sourcecode.swift; path = CategoryDataModel.swift; sourceTree = "<group>"; };
		786CECFD2AD9D8E60069ACF0 /* SavedViewModel.swift */ = {isa = PBXFileReference; lastKnownFileType = sourcecode.swift; path = SavedViewModel.swift; sourceTree = "<group>"; };
		786CECFF2AD9DBB50069ACF0 /* SavedCard.swift */ = {isa = PBXFileReference; lastKnownFileType = sourcecode.swift; path = SavedCard.swift; sourceTree = "<group>"; };
		786CED012AD9E4EC0069ACF0 /* HomeButton.swift */ = {isa = PBXFileReference; lastKnownFileType = sourcecode.swift; path = HomeButton.swift; sourceTree = "<group>"; };
		786CED032AD9EBA40069ACF0 /* CategoryButton.swift */ = {isa = PBXFileReference; lastKnownFileType = sourcecode.swift; path = CategoryButton.swift; sourceTree = "<group>"; };
		78D91BC92AD87306007B88C4 /* Desafika.app */ = {isa = PBXFileReference; explicitFileType = wrapper.application; includeInIndex = 0; path = Desafika.app; sourceTree = BUILT_PRODUCTS_DIR; };
		78D91BCC2AD87306007B88C4 /* DesafikaApp.swift */ = {isa = PBXFileReference; lastKnownFileType = sourcecode.swift; path = DesafikaApp.swift; sourceTree = "<group>"; };
		78D91BCE2AD87306007B88C4 /* ContentView.swift */ = {isa = PBXFileReference; lastKnownFileType = sourcecode.swift; path = ContentView.swift; sourceTree = "<group>"; };
		78D91BD02AD87308007B88C4 /* Assets.xcassets */ = {isa = PBXFileReference; lastKnownFileType = folder.assetcatalog; path = Assets.xcassets; sourceTree = "<group>"; };
		78D91BD32AD87308007B88C4 /* Preview Assets.xcassets */ = {isa = PBXFileReference; lastKnownFileType = folder.assetcatalog; path = "Preview Assets.xcassets"; sourceTree = "<group>"; };
/* End PBXFileReference section */

/* Begin PBXFrameworksBuildPhase section */
		78D91BC62AD87306007B88C4 /* Frameworks */ = {
			isa = PBXFrameworksBuildPhase;
			buildActionMask = 2147483647;
			files = (
			);
			runOnlyForDeploymentPostprocessing = 0;
		};
/* End PBXFrameworksBuildPhase section */

/* Begin PBXGroup section */
		7842D7AE2ADC74FA0029A359 /* Utils */ = {
			isa = PBXGroup;
			children = (
				7842D7AF2ADC75170029A359 /* FlexStack.swift */,
			);
			path = Utils;
			sourceTree = "<group>";
		};
		785207DE2AD8735600F1DE3C /* Model */ = {
			isa = PBXGroup;
			children = (
				785207E22AD873A200F1DE3C /* Category.swift */,
				785208042AD8E1C300F1DE3C /* CategoryDataModel.swift */,
				785207E42AD873D700F1DE3C /* Challenge.swift */,
				785208022AD8E1B600F1DE3C /* ChallengeDataModel.swift */,
				785207E62AD8741B00F1DE3C /* Progress.swift */,
				7842D7B12ADC7E270029A359 /* Place.swift */,
			);
			path = Model;
			sourceTree = "<group>";
		};
		785207DF2AD8735B00F1DE3C /* View */ = {
			isa = PBXGroup;
			children = (
				785207EE2AD876B700F1DE3C /* OnBoardingView.swift */,
				785207E82AD8745100F1DE3C /* HomeView.swift */,
				785207EA2AD8768E00F1DE3C /* NoChallengeView.swift */,
				785207EC2AD8769800F1DE3C /* ChallengeView.swift */,
				785207F02AD876C500F1DE3C /* SavedView.swift */,
			);
			path = View;
			sourceTree = "<group>";
		};
		785207E02AD8736200F1DE3C /* ViewModel */ = {
			isa = PBXGroup;
			children = (
				785207FB2AD8DB9A00F1DE3C /* HomeViewModel.swift */,
				785207FD2AD8DE1900F1DE3C /* ChallengeViewModel.swift */,
				786CECFD2AD9D8E60069ACF0 /* SavedViewModel.swift */,
			);
			path = ViewModel;
			sourceTree = "<group>";
		};
		785207FF2AD8DF7000F1DE3C /* Components */ = {
			isa = PBXGroup;
			children = (
				786CED012AD9E4EC0069ACF0 /* HomeButton.swift */,
				785208002AD8DFC000F1DE3C /* ChallengeCard.swift */,
				786CECFF2AD9DBB50069ACF0 /* SavedCard.swift */,
				786CED032AD9EBA40069ACF0 /* CategoryButton.swift */,
				7842D7B32ADC7F000029A359 /* PlaceCard.swift */,
			);
			path = Components;
			sourceTree = "<group>";
		};
		78D91BC02AD87306007B88C4 = {
			isa = PBXGroup;
			children = (
				78D91BCB2AD87306007B88C4 /* Desafika */,
				78D91BCA2AD87306007B88C4 /* Products */,
			);
			sourceTree = "<group>";
		};
		78D91BCA2AD87306007B88C4 /* Products */ = {
			isa = PBXGroup;
			children = (
				78D91BC92AD87306007B88C4 /* Desafika.app */,
			);
			name = Products;
			sourceTree = "<group>";
		};
		78D91BCB2AD87306007B88C4 /* Desafika */ = {
			isa = PBXGroup;
			children = (
				78D91BCC2AD87306007B88C4 /* DesafikaApp.swift */,
				78D91BCE2AD87306007B88C4 /* ContentView.swift */,
				785207FF2AD8DF7000F1DE3C /* Components */,
				785207DF2AD8735B00F1DE3C /* View */,
				785207E02AD8736200F1DE3C /* ViewModel */,
				785207DE2AD8735600F1DE3C /* Model */,
				7842D7AE2ADC74FA0029A359 /* Utils */,
				78D91BD02AD87308007B88C4 /* Assets.xcassets */,
				78D91BD22AD87308007B88C4 /* Preview Content */,
			);
			path = Desafika;
			sourceTree = "<group>";
		};
		78D91BD22AD87308007B88C4 /* Preview Content */ = {
			isa = PBXGroup;
			children = (
				78D91BD32AD87308007B88C4 /* Preview Assets.xcassets */,
			);
			path = "Preview Content";
			sourceTree = "<group>";
		};
/* End PBXGroup section */

/* Begin PBXNativeTarget section */
		78D91BC82AD87306007B88C4 /* Desafika */ = {
			isa = PBXNativeTarget;
			buildConfigurationList = 78D91BD72AD87308007B88C4 /* Build configuration list for PBXNativeTarget "Desafika" */;
			buildPhases = (
				78D91BC52AD87306007B88C4 /* Sources */,
				78D91BC62AD87306007B88C4 /* Frameworks */,
				78D91BC72AD87306007B88C4 /* Resources */,
			);
			buildRules = (
			);
			dependencies = (
			);
			name = Desafika;
			productName = Desafika;
			productReference = 78D91BC92AD87306007B88C4 /* Desafika.app */;
			productType = "com.apple.product-type.application";
		};
/* End PBXNativeTarget section */

/* Begin PBXProject section */
		78D91BC12AD87306007B88C4 /* Project object */ = {
			isa = PBXProject;
			attributes = {
				BuildIndependentTargetsInParallel = 1;
				LastSwiftUpdateCheck = 1500;
				LastUpgradeCheck = 1500;
				TargetAttributes = {
					78D91BC82AD87306007B88C4 = {
						CreatedOnToolsVersion = 15.0;
					};
				};
			};
			buildConfigurationList = 78D91BC42AD87306007B88C4 /* Build configuration list for PBXProject "Desafika" */;
			compatibilityVersion = "Xcode 14.0";
			developmentRegion = en;
			hasScannedForEncodings = 0;
			knownRegions = (
				en,
				Base,
			);
			mainGroup = 78D91BC02AD87306007B88C4;
			productRefGroup = 78D91BCA2AD87306007B88C4 /* Products */;
			projectDirPath = "";
			projectRoot = "";
			targets = (
				78D91BC82AD87306007B88C4 /* Desafika */,
			);
		};
/* End PBXProject section */

/* Begin PBXResourcesBuildPhase section */
		78D91BC72AD87306007B88C4 /* Resources */ = {
			isa = PBXResourcesBuildPhase;
			buildActionMask = 2147483647;
			files = (
				78D91BD42AD87308007B88C4 /* Preview Assets.xcassets in Resources */,
				78D91BD12AD87308007B88C4 /* Assets.xcassets in Resources */,
			);
			runOnlyForDeploymentPostprocessing = 0;
		};
/* End PBXResourcesBuildPhase section */

/* Begin PBXSourcesBuildPhase section */
		78D91BC52AD87306007B88C4 /* Sources */ = {
			isa = PBXSourcesBuildPhase;
			buildActionMask = 2147483647;
			files = (
				786CED002AD9DBB50069ACF0 /* SavedCard.swift in Sources */,
				785208012AD8DFC000F1DE3C /* ChallengeCard.swift in Sources */,
				786CED042AD9EBA40069ACF0 /* CategoryButton.swift in Sources */,
				7842D7B02ADC75170029A359 /* FlexStack.swift in Sources */,
				78D91BCF2AD87306007B88C4 /* ContentView.swift in Sources */,
				785207E72AD8741B00F1DE3C /* Progress.swift in Sources */,
				785208032AD8E1B600F1DE3C /* ChallengeDataModel.swift in Sources */,
				785207E52AD873D700F1DE3C /* Challenge.swift in Sources */,
				785207FC2AD8DB9A00F1DE3C /* HomeViewModel.swift in Sources */,
				7842D7B42ADC7F000029A359 /* PlaceCard.swift in Sources */,
				785207EF2AD876B700F1DE3C /* OnBoardingView.swift in Sources */,
				785207E92AD8745100F1DE3C /* HomeView.swift in Sources */,
				785207ED2AD8769800F1DE3C /* ChallengeView.swift in Sources */,
				7842D7B22ADC7E270029A359 /* Place.swift in Sources */,
				786CED022AD9E4EC0069ACF0 /* HomeButton.swift in Sources */,
				785208052AD8E1C300F1DE3C /* CategoryDataModel.swift in Sources */,
				785207F12AD876C500F1DE3C /* SavedView.swift in Sources */,
				78D91BCD2AD87306007B88C4 /* DesafikaApp.swift in Sources */,
				785207EB2AD8768E00F1DE3C /* NoChallengeView.swift in Sources */,
				785207FE2AD8DE1900F1DE3C /* ChallengeViewModel.swift in Sources */,
				786CECFE2AD9D8E60069ACF0 /* SavedViewModel.swift in Sources */,
				785207E32AD873A200F1DE3C /* Category.swift in Sources */,
			);
			runOnlyForDeploymentPostprocessing = 0;
		};
/* End PBXSourcesBuildPhase section */

/* Begin XCBuildConfiguration section */
		78D91BD52AD87308007B88C4 /* Debug */ = {
			isa = XCBuildConfiguration;
			buildSettings = {
				ALWAYS_SEARCH_USER_PATHS = NO;
				ASSETCATALOG_COMPILER_GENERATE_SWIFT_ASSET_SYMBOL_EXTENSIONS = YES;
				CLANG_ANALYZER_NONNULL = YES;
				CLANG_ANALYZER_NUMBER_OBJECT_CONVERSION = YES_AGGRESSIVE;
				CLANG_CXX_LANGUAGE_STANDARD = "gnu++20";
				CLANG_ENABLE_MODULES = YES;
				CLANG_ENABLE_OBJC_ARC = YES;
				CLANG_ENABLE_OBJC_WEAK = YES;
				CLANG_WARN_BLOCK_CAPTURE_AUTORELEASING = YES;
				CLANG_WARN_BOOL_CONVERSION = YES;
				CLANG_WARN_COMMA = YES;
				CLANG_WARN_CONSTANT_CONVERSION = YES;
				CLANG_WARN_DEPRECATED_OBJC_IMPLEMENTATIONS = YES;
				CLANG_WARN_DIRECT_OBJC_ISA_USAGE = YES_ERROR;
				CLANG_WARN_DOCUMENTATION_COMMENTS = YES;
				CLANG_WARN_EMPTY_BODY = YES;
				CLANG_WARN_ENUM_CONVERSION = YES;
				CLANG_WARN_INFINITE_RECURSION = YES;
				CLANG_WARN_INT_CONVERSION = YES;
				CLANG_WARN_NON_LITERAL_NULL_CONVERSION = YES;
				CLANG_WARN_OBJC_IMPLICIT_RETAIN_SELF = YES;
				CLANG_WARN_OBJC_LITERAL_CONVERSION = YES;
				CLANG_WARN_OBJC_ROOT_CLASS = YES_ERROR;
				CLANG_WARN_QUOTED_INCLUDE_IN_FRAMEWORK_HEADER = YES;
				CLANG_WARN_RANGE_LOOP_ANALYSIS = YES;
				CLANG_WARN_STRICT_PROTOTYPES = YES;
				CLANG_WARN_SUSPICIOUS_MOVE = YES;
				CLANG_WARN_UNGUARDED_AVAILABILITY = YES_AGGRESSIVE;
				CLANG_WARN_UNREACHABLE_CODE = YES;
				CLANG_WARN__DUPLICATE_METHOD_MATCH = YES;
				COPY_PHASE_STRIP = NO;
				DEBUG_INFORMATION_FORMAT = dwarf;
				ENABLE_STRICT_OBJC_MSGSEND = YES;
				ENABLE_TESTABILITY = YES;
				ENABLE_USER_SCRIPT_SANDBOXING = YES;
				GCC_C_LANGUAGE_STANDARD = gnu17;
				GCC_DYNAMIC_NO_PIC = NO;
				GCC_NO_COMMON_BLOCKS = YES;
				GCC_OPTIMIZATION_LEVEL = 0;
				GCC_PREPROCESSOR_DEFINITIONS = (
					"DEBUG=1",
					"$(inherited)",
				);
				GCC_WARN_64_TO_32_BIT_CONVERSION = YES;
				GCC_WARN_ABOUT_RETURN_TYPE = YES_ERROR;
				GCC_WARN_UNDECLARED_SELECTOR = YES;
				GCC_WARN_UNINITIALIZED_AUTOS = YES_AGGRESSIVE;
				GCC_WARN_UNUSED_FUNCTION = YES;
				GCC_WARN_UNUSED_VARIABLE = YES;
				IPHONEOS_DEPLOYMENT_TARGET = 17.0;
				LOCALIZATION_PREFERS_STRING_CATALOGS = YES;
				MTL_ENABLE_DEBUG_INFO = INCLUDE_SOURCE;
				MTL_FAST_MATH = YES;
				ONLY_ACTIVE_ARCH = YES;
				SDKROOT = iphoneos;
				SWIFT_ACTIVE_COMPILATION_CONDITIONS = "DEBUG $(inherited)";
				SWIFT_OPTIMIZATION_LEVEL = "-Onone";
			};
			name = Debug;
		};
		78D91BD62AD87308007B88C4 /* Release */ = {
			isa = XCBuildConfiguration;
			buildSettings = {
				ALWAYS_SEARCH_USER_PATHS = NO;
				ASSETCATALOG_COMPILER_GENERATE_SWIFT_ASSET_SYMBOL_EXTENSIONS = YES;
				CLANG_ANALYZER_NONNULL = YES;
				CLANG_ANALYZER_NUMBER_OBJECT_CONVERSION = YES_AGGRESSIVE;
				CLANG_CXX_LANGUAGE_STANDARD = "gnu++20";
				CLANG_ENABLE_MODULES = YES;
				CLANG_ENABLE_OBJC_ARC = YES;
				CLANG_ENABLE_OBJC_WEAK = YES;
				CLANG_WARN_BLOCK_CAPTURE_AUTORELEASING = YES;
				CLANG_WARN_BOOL_CONVERSION = YES;
				CLANG_WARN_COMMA = YES;
				CLANG_WARN_CONSTANT_CONVERSION = YES;
				CLANG_WARN_DEPRECATED_OBJC_IMPLEMENTATIONS = YES;
				CLANG_WARN_DIRECT_OBJC_ISA_USAGE = YES_ERROR;
				CLANG_WARN_DOCUMENTATION_COMMENTS = YES;
				CLANG_WARN_EMPTY_BODY = YES;
				CLANG_WARN_ENUM_CONVERSION = YES;
				CLANG_WARN_INFINITE_RECURSION = YES;
				CLANG_WARN_INT_CONVERSION = YES;
				CLANG_WARN_NON_LITERAL_NULL_CONVERSION = YES;
				CLANG_WARN_OBJC_IMPLICIT_RETAIN_SELF = YES;
				CLANG_WARN_OBJC_LITERAL_CONVERSION = YES;
				CLANG_WARN_OBJC_ROOT_CLASS = YES_ERROR;
				CLANG_WARN_QUOTED_INCLUDE_IN_FRAMEWORK_HEADER = YES;
				CLANG_WARN_RANGE_LOOP_ANALYSIS = YES;
				CLANG_WARN_STRICT_PROTOTYPES = YES;
				CLANG_WARN_SUSPICIOUS_MOVE = YES;
				CLANG_WARN_UNGUARDED_AVAILABILITY = YES_AGGRESSIVE;
				CLANG_WARN_UNREACHABLE_CODE = YES;
				CLANG_WARN__DUPLICATE_METHOD_MATCH = YES;
				COPY_PHASE_STRIP = NO;
				DEBUG_INFORMATION_FORMAT = "dwarf-with-dsym";
				ENABLE_NS_ASSERTIONS = NO;
				ENABLE_STRICT_OBJC_MSGSEND = YES;
				ENABLE_USER_SCRIPT_SANDBOXING = YES;
				GCC_C_LANGUAGE_STANDARD = gnu17;
				GCC_NO_COMMON_BLOCKS = YES;
				GCC_WARN_64_TO_32_BIT_CONVERSION = YES;
				GCC_WARN_ABOUT_RETURN_TYPE = YES_ERROR;
				GCC_WARN_UNDECLARED_SELECTOR = YES;
				GCC_WARN_UNINITIALIZED_AUTOS = YES_AGGRESSIVE;
				GCC_WARN_UNUSED_FUNCTION = YES;
				GCC_WARN_UNUSED_VARIABLE = YES;
				IPHONEOS_DEPLOYMENT_TARGET = 17.0;
				LOCALIZATION_PREFERS_STRING_CATALOGS = YES;
				MTL_ENABLE_DEBUG_INFO = NO;
				MTL_FAST_MATH = YES;
				SDKROOT = iphoneos;
				SWIFT_COMPILATION_MODE = wholemodule;
				VALIDATE_PRODUCT = YES;
			};
			name = Release;
		};
		78D91BD82AD87308007B88C4 /* Debug */ = {
			isa = XCBuildConfiguration;
			buildSettings = {
				ASSETCATALOG_COMPILER_APPICON_NAME = AppIcon;
				ASSETCATALOG_COMPILER_GLOBAL_ACCENT_COLOR_NAME = AccentColor;
				CODE_SIGN_STYLE = Automatic;
				CURRENT_PROJECT_VERSION = 1;
				DEVELOPMENT_ASSET_PATHS = "\"Desafika/Preview Content\"";
				DEVELOPMENT_TEAM = 225S533H7W;
				ENABLE_PREVIEWS = YES;
				GENERATE_INFOPLIST_FILE = YES;
				INFOPLIST_KEY_CFBundleDisplayName = Desafika;
				INFOPLIST_KEY_LSApplicationCategoryType = "public.app-category.entertainment";
				INFOPLIST_KEY_UIApplicationSceneManifest_Generation = YES;
				INFOPLIST_KEY_UIApplicationSupportsIndirectInputEvents = YES;
				INFOPLIST_KEY_UILaunchScreen_Generation = YES;
				INFOPLIST_KEY_UISupportedInterfaceOrientations = UIInterfaceOrientationPortrait;
				INFOPLIST_KEY_UISupportedInterfaceOrientations_iPad = "UIInterfaceOrientationLandscapeLeft UIInterfaceOrientationLandscapeRight UIInterfaceOrientationPortrait";
				LD_RUNPATH_SEARCH_PATHS = (
					"$(inherited)",
					"@executable_path/Frameworks",
				);
				MARKETING_VERSION = 1.0;
				PRODUCT_BUNDLE_IDENTIFIER = com.haskz.desafika;
				PRODUCT_NAME = "$(TARGET_NAME)";
				SUPPORTED_PLATFORMS = "iphoneos iphonesimulator";
				SUPPORTS_MACCATALYST = NO;
				SUPPORTS_MAC_DESIGNED_FOR_IPHONE_IPAD = NO;
				SWIFT_EMIT_LOC_STRINGS = YES;
				SWIFT_VERSION = 5.0;
				TARGETED_DEVICE_FAMILY = 1;
			};
			name = Debug;
		};
		78D91BD92AD87308007B88C4 /* Release */ = {
			isa = XCBuildConfiguration;
			buildSettings = {
				ASSETCATALOG_COMPILER_APPICON_NAME = AppIcon;
				ASSETCATALOG_COMPILER_GLOBAL_ACCENT_COLOR_NAME = AccentColor;
				CODE_SIGN_STYLE = Automatic;
				CURRENT_PROJECT_VERSION = 1;
				DEVELOPMENT_ASSET_PATHS = "\"Desafika/Preview Content\"";
				DEVELOPMENT_TEAM = 225S533H7W;
				ENABLE_PREVIEWS = YES;
				GENERATE_INFOPLIST_FILE = YES;
				INFOPLIST_KEY_CFBundleDisplayName = Desafika;
				INFOPLIST_KEY_LSApplicationCategoryType = "public.app-category.entertainment";
				INFOPLIST_KEY_UIApplicationSceneManifest_Generation = YES;
				INFOPLIST_KEY_UIApplicationSupportsIndirectInputEvents = YES;
				INFOPLIST_KEY_UILaunchScreen_Generation = YES;
				INFOPLIST_KEY_UISupportedInterfaceOrientations = UIInterfaceOrientationPortrait;
				INFOPLIST_KEY_UISupportedInterfaceOrientations_iPad = "UIInterfaceOrientationLandscapeLeft UIInterfaceOrientationLandscapeRight UIInterfaceOrientationPortrait";
				LD_RUNPATH_SEARCH_PATHS = (
					"$(inherited)",
					"@executable_path/Frameworks",
				);
				MARKETING_VERSION = 1.0;
				PRODUCT_BUNDLE_IDENTIFIER = com.haskz.desafika;
				PRODUCT_NAME = "$(TARGET_NAME)";
				SUPPORTED_PLATFORMS = "iphoneos iphonesimulator";
				SUPPORTS_MACCATALYST = NO;
				SUPPORTS_MAC_DESIGNED_FOR_IPHONE_IPAD = NO;
				SWIFT_EMIT_LOC_STRINGS = YES;
				SWIFT_VERSION = 5.0;
				TARGETED_DEVICE_FAMILY = 1;
			};
			name = Release;
		};
/* End XCBuildConfiguration section */

/* Begin XCConfigurationList section */
		78D91BC42AD87306007B88C4 /* Build configuration list for PBXProject "Desafika" */ = {
			isa = XCConfigurationList;
			buildConfigurations = (
				78D91BD52AD87308007B88C4 /* Debug */,
				78D91BD62AD87308007B88C4 /* Release */,
			);
			defaultConfigurationIsVisible = 0;
			defaultConfigurationName = Release;
		};
		78D91BD72AD87308007B88C4 /* Build configuration list for PBXNativeTarget "Desafika" */ = {
			isa = XCConfigurationList;
			buildConfigurations = (
				78D91BD82AD87308007B88C4 /* Debug */,
				78D91BD92AD87308007B88C4 /* Release */,
			);
			defaultConfigurationIsVisible = 0;
			defaultConfigurationName = Release;
		};
/* End XCConfigurationList section */
	};
	rootObject = 78D91BC12AD87306007B88C4 /* Project object */;
}
